# This file is automatically @generated by Cargo.
# It is not intended for manual editing.
version = 4

[[package]]
name = "downcast"
version = "0.11.0"
source = "registry+https://github.com/rust-lang/crates.io-index"
checksum = "1435fa1053d8b2fbbe9be7e97eca7f33d37b28409959813daefc1446a14247f1"

[[package]]
name = "indextree"
version = "4.7.4"
source = "registry+https://github.com/rust-lang/crates.io-index"
checksum = "cb9e21e48c85fa6643a38caca564645a3bbc9211edf506fc8ed690c7e7b4d3c7"

[[package]]
name = "maokai-gears"
version = "0.1.0"
dependencies = [
 "downcast",
 "maokai-reconciler",
]

[[package]]
name = "maokai-machine"
version = "0.1.0"
dependencies = [
 "maokai-gears",
 "maokai-reconciler",
 "maokai-runner",
 "maokai-tree",
 "tokio",
]

[[package]]
name = "maokai-reconciler"
version = "0.1.0"
dependencies = [
 "downcast",
]

[[package]]
name = "maokai-runner"
version = "0.2.1"
dependencies = [
 "maokai-tree",
]

[[package]]
name = "maokai-tree"
version = "0.2.1"
dependencies = [
 "indextree",
]

[[package]]
name = "pin-project-lite"
version = "0.2.17"
source = "registry+https://github.com/rust-lang/crates.io-index"
checksum = "a89322df9ebe1c1578d689c92318e070967d1042b512afbe49518723f4e6d5cd"

[[package]]
name = "tokio"
version = "1.51.1"
source = "registry+https://github.com/rust-lang/crates.io-index"
checksum = "f66bf9585cda4b724d3e78ab34b73fb2bbaba9011b9bfdf69dc836382ea13b8c"
dependencies = [
 "pin-project-lite",
]
